// !$*UTF8*$!
{
	archiveVersion = 1;
	classes = {
	};
	objectVersion = 50;
	objects = {

/* Begin PBXBuildFile section */
		B518C6B2238D285C00F30776 /* CustomButton.swift in Sources */ = {isa = PBXBuildFile; fileRef = B518C6B1238D285C00F30776 /* CustomButton.swift */; };
		B518C6B4238D330800F30776 /* CustomTextField.swift in Sources */ = {isa = PBXBuildFile; fileRef = B518C6B3238D330800F30776 /* CustomTextField.swift */; };
		B53340AB2386BDB4003CB922 /* AppDelegate.swift in Sources */ = {isa = PBXBuildFile; fileRef = B53340AA2386BDB4003CB922 /* AppDelegate.swift */; };
		B53340AF2386BDB4003CB922 /* ViewController.swift in Sources */ = {isa = PBXBuildFile; fileRef = B53340AE2386BDB4003CB922 /* ViewController.swift */; };
		B53340B22386BDB4003CB922 /* Main.storyboard in Resources */ = {isa = PBXBuildFile; fileRef = B53340B02386BDB4003CB922 /* Main.storyboard */; };
		B53340B42386BDB5003CB922 /* Assets.xcassets in Resources */ = {isa = PBXBuildFile; fileRef = B53340B32386BDB5003CB922 /* Assets.xcassets */; };
		B53340B72386BDB5003CB922 /* LaunchScreen.storyboard in Resources */ = {isa = PBXBuildFile; fileRef = B53340B52386BDB5003CB922 /* LaunchScreen.storyboard */; };
		B579F642238EE5C1006FD888 /* RegistrationViewController.swift in Sources */ = {isa = PBXBuildFile; fileRef = B579F641238EE5C1006FD888 /* RegistrationViewController.swift */; };
/* End PBXBuildFile section */

/* Begin PBXFileReference section */
		B518C6B1238D285C00F30776 /* CustomButton.swift */ = {isa = PBXFileReference; lastKnownFileType = sourcecode.swift; path = CustomButton.swift; sourceTree = "<group>"; };
		B518C6B3238D330800F30776 /* CustomTextField.swift */ = {isa = PBXFileReference; lastKnownFileType = sourcecode.swift; path = CustomTextField.swift; sourceTree = "<group>"; };
		B53340A72386BDB4003CB922 /* school.app */ = {isa = PBXFileReference; explicitFileType = wrapper.application; includeInIndex = 0; path = school.app; sourceTree = BUILT_PRODUCTS_DIR; };
		B53340AA2386BDB4003CB922 /* AppDelegate.swift */ = {isa = PBXFileReference; lastKnownFileType = sourcecode.swift; path = AppDelegate.swift; sourceTree = "<group>"; };
		B53340AE2386BDB4003CB922 /* ViewController.swift */ = {isa = PBXFileReference; lastKnownFileType = sourcecode.swift; path = ViewController.swift; sourceTree = "<group>"; };
		B53340B12386BDB4003CB922 /* Base */ = {isa = PBXFileReference; lastKnownFileType = file.storyboard; name = Base; path = Base.lproj/Main.storyboard; sourceTree = "<group>"; };
		B53340B32386BDB5003CB922 /* Assets.xcassets */ = {isa = PBXFileReference; lastKnownFileType = folder.assetcatalog; path = Assets.xcassets; sourceTree = "<group>"; };
		B53340B62386BDB5003CB922 /* Base */ = {isa = PBXFileReference; lastKnownFileType = file.storyboard; name = Base; path = Base.lproj/LaunchScreen.storyboard; sourceTree = "<group>"; };
		B53340B82386BDB5003CB922 /* Info.plist */ = {isa = PBXFileReference; lastKnownFileType = text.plist.xml; path = Info.plist; sourceTree = "<group>"; };
		B579F641238EE5C1006FD888 /* RegistrationViewController.swift */ = {isa = PBXFileReference; lastKnownFileType = sourcecode.swift; path = RegistrationViewController.swift; sourceTree = "<group>"; };
/* End PBXFileReference section */

/* Begin PBXFrameworksBuildPhase section */
		B53340A42386BDB4003CB922 /* Frameworks */ = {
			isa = PBXFrameworksBuildPhase;
			buildActionMask = 2147483647;
			files = (
			);
			runOnlyForDeploymentPostprocessing = 0;
		};
/* End PBXFrameworksBuildPhase section */

/* Begin PBXGroup section */
		B533409E2386BDB4003CB922 = {
			isa = PBXGroup;
			children = (
				B53340A92386BDB4003CB922 /* school */,
				B53340A82386BDB4003CB922 /* Products */,
			);
			sourceTree = "<group>";
		};
		B53340A82386BDB4003CB922 /* Products */ = {
			isa = PBXGroup;
			children = (
				B53340A72386BDB4003CB922 /* school.app */,
			);
			name = Products;
			sourceTree = "<group>";
		};
		B53340A92386BDB4003CB922 /* school */ = {
			isa = PBXGroup;
			children = (
				B518C6B3238D330800F30776 /* CustomTextField.swift */,
				B518C6B1238D285C00F30776 /* CustomButton.swift */,
				B53340AA2386BDB4003CB922 /* AppDelegate.swift */,
				B53340AE2386BDB4003CB922 /* ViewController.swift */,
				B53340B02386BDB4003CB922 /* Main.storyboard */,
				B53340B32386BDB5003CB922 /* Assets.xcassets */,
				B53340B52386BDB5003CB922 /* LaunchScreen.storyboard */,
				B53340B82386BDB5003CB922 /* Info.plist */,
				B579F641238EE5C1006FD888 /* RegistrationViewController.swift */,
			);
			path = school;
			sourceTree = "<group>";
		};
/* End PBXGroup section */

/* Begin PBXNativeTarget section */
		B53340A62386BDB4003CB922 /* school */ = {
			isa = PBXNativeTarget;
			buildConfigurationList = B53340BB2386BDB5003CB922 /* Build configuration list for PBXNativeTarget "school" */;
			buildPhases = (
				B53340A32386BDB4003CB922 /* Sources */,
				B53340A42386BDB4003CB922 /* Frameworks */,
				B53340A52386BDB4003CB922 /* Resources */,
			);
			buildRules = (
			);
			dependencies = (
			);
			name = school;
			productName = school;
			productReference = B53340A72386BDB4003CB922 /* school.app */;
			productType = "com.apple.product-type.application";
		};
/* End PBXNativeTarget section */

/* Begin PBXProject section */
		B533409F2386BDB4003CB922 /* Project object */ = {
			isa = PBXProject;
			attributes = {
				LastSwiftUpdateCheck = 1120;
				LastUpgradeCheck = 1120;
				ORGANIZATIONNAME = "Head and Hands";
				TargetAttributes = {
					B53340A62386BDB4003CB922 = {
						CreatedOnToolsVersion = 11.2.1;
					};
				};
			};
			buildConfigurationList = B53340A22386BDB4003CB922 /* Build configuration list for PBXProject "school" */;
			compatibilityVersion = "Xcode 9.3";
			developmentRegion = en;
			hasScannedForEncodings = 0;
			knownRegions = (
				en,
				Base,
			);
			mainGroup = B533409E2386BDB4003CB922;
			productRefGroup = B53340A82386BDB4003CB922 /* Products */;
			projectDirPath = "";
			projectRoot = "";
			targets = (
				B53340A62386BDB4003CB922 /* school */,
			);
		};
/* End PBXProject section */

/* Begin PBXResourcesBuildPhase section */
		B53340A52386BDB4003CB922 /* Resources */ = {
			isa = PBXResourcesBuildPhase;
			buildActionMask = 2147483647;
			files = (
				B53340B72386BDB5003CB922 /* LaunchScreen.storyboard in Resources */,
				B53340B42386BDB5003CB922 /* Assets.xcassets in Resources */,
				B53340B22386BDB4003CB922 /* Main.storyboard in Resources */,
			);
			runOnlyForDeploymentPostprocessing = 0;
		};
/* End PBXResourcesBuildPhase section */

/* Begin PBXSourcesBuildPhase section */
		B53340A32386BDB4003CB922 /* Sources */ = {
			isa = PBXSourcesBuildPhase;
			buildActionMask = 2147483647;
			files = (
				B518C6B4238D330800F30776 /* CustomTextField.swift in Sources */,
				B53340AF2386BDB4003CB922 /* ViewController.swift in Sources */,
				B53340AB2386BDB4003CB922 /* AppDelegate.swift in Sources */,
				B518C6B2238D285C00F30776 /* CustomButton.swift in Sources */,
				B579F642238EE5C1006FD888 /* RegistrationViewController.swift in Sources */,
			);
			runOnlyForDeploymentPostprocessing = 0;
		};
/* End PBXSourcesBuildPhase section */

/* Begin PBXVariantGroup section */
		B53340B02386BDB4003CB922 /* Main.storyboard */ = {
			isa = PBXVariantGroup;
			children = (
				B53340B12386BDB4003CB922 /* Base */,
			);
			name = Main.storyboard;
			sourceTree = "<group>";
		};
		B53340B52386BDB5003CB922 /* LaunchScreen.storyboard */ = {
			isa = PBXVariantGroup;
			children = (
				B53340B62386BDB5003CB922 /* Base */,
			);
			name = LaunchScreen.storyboard;
			sourceTree = "<group>";
		};
/* End PBXVariantGroup section */

/* Begin XCBuildConfiguration section */
		B53340B92386BDB5003CB922 /* Debug */ = {
			isa = XCBuildConfiguration;
			buildSettings = {
				ALWAYS_SEARCH_USER_PATHS = NO;
				CLANG_ANALYZER_NONNULL = YES;
				CLANG_ANALYZER_NUMBER_OBJECT_CONVERSION = YES_AGGRESSIVE;
				CLANG_CXX_LANGUAGE_STANDARD = "gnu++14";
				CLANG_CXX_LIBRARY = "libc++";
				CLANG_ENABLE_MODULES = YES;
				CLANG_ENABLE_OBJC_ARC = YES;
				CLANG_ENABLE_OBJC_WEAK = YES;
				CLANG_WARN_BLOCK_CAPTURE_AUTORELEASING = YES;
				CLANG_WARN_BOOL_CONVERSION = YES;
				CLANG_WARN_COMMA = YES;
				CLANG_WARN_CONSTANT_CONVERSION = YES;
				CLANG_WARN_DEPRECATED_OBJC_IMPLEMENTATIONS = YES;
				CLANG_WARN_DIRECT_OBJC_ISA_USAGE = YES_ERROR;
				CLANG_WARN_DOCUMENTATION_COMMENTS = YES;
				CLANG_WARN_EMPTY_BODY = YES;
				CLANG_WARN_ENUM_CONVERSION = YES;
				CLANG_WARN_INFINITE_RECURSION = YES;
				CLANG_WARN_INT_CONVERSION = YES;
				CLANG_WARN_NON_LITERAL_NULL_CONVERSION = YES;
				CLANG_WARN_OBJC_IMPLICIT_RETAIN_SELF = YES;
				CLANG_WARN_OBJC_LITERAL_CONVERSION = YES;
				CLANG_WARN_OBJC_ROOT_CLASS = YES_ERROR;
				CLANG_WARN_RANGE_LOOP_ANALYSIS = YES;
				CLANG_WARN_STRICT_PROTOTYPES = YES;
				CLANG_WARN_SUSPICIOUS_MOVE = YES;
				CLANG_WARN_UNGUARDED_AVAILABILITY = YES_AGGRESSIVE;
				CLANG_WARN_UNREACHABLE_CODE = YES;
				CLANG_WARN__DUPLICATE_METHOD_MATCH = YES;
				COPY_PHASE_STRIP = NO;
				DEBUG_INFORMATION_FORMAT = dwarf;
				ENABLE_STRICT_OBJC_MSGSEND = YES;
				ENABLE_TESTABILITY = YES;
				GCC_C_LANGUAGE_STANDARD = gnu11;
				GCC_DYNAMIC_NO_PIC = NO;
				GCC_NO_COMMON_BLOCKS = YES;
				GCC_OPTIMIZATION_LEVEL = 0;
				GCC_PREPROCESSOR_DEFINITIONS = (
					"DEBUG=1",
					"$(inherited)",
				);
				GCC_WARN_64_TO_32_BIT_CONVERSION = YES;
				GCC_WARN_ABOUT_RETURN_TYPE = YES_ERROR;
				GCC_WARN_UNDECLARED_SELECTOR = YES;
				GCC_WARN_UNINITIALIZED_AUTOS = YES_AGGRESSIVE;
				GCC_WARN_UNUSED_FUNCTION = YES;
				GCC_WARN_UNUSED_VARIABLE = YES;
				IPHONEOS_DEPLOYMENT_TARGET = 13.2;
				MTL_ENABLE_DEBUG_INFO = INCLUDE_SOURCE;
				MTL_FAST_MATH = YES;
				ONLY_ACTIVE_ARCH = YES;
				SDKROOT = iphoneos;
				SWIFT_ACTIVE_COMPILATION_CONDITIONS = DEBUG;
				SWIFT_OPTIMIZATION_LEVEL = "-Onone";
			};
			name = Debug;
		};
		B53340BA2386BDB5003CB922 /* Release */ = {
			isa = XCBuildConfiguration;
			buildSettings = {
				ALWAYS_SEARCH_USER_PATHS = NO;
				CLANG_ANALYZER_NONNULL = YES;
				CLANG_ANALYZER_NUMBER_OBJECT_CONVERSION = YES_AGGRESSIVE;
				CLANG_CXX_LANGUAGE_STANDARD = "gnu++14";
				CLANG_CXX_LIBRARY = "libc++";
				CLANG_ENABLE_MODULES = YES;
				CLANG_ENABLE_OBJC_ARC = YES;
				CLANG_ENABLE_OBJC_WEAK = YES;
				CLANG_WARN_BLOCK_CAPTURE_AUTORELEASING = YES;
				CLANG_WARN_BOOL_CONVERSION = YES;
				CLANG_WARN_COMMA = YES;
				CLANG_WARN_CONSTANT_CONVERSION = YES;
				CLANG_WARN_DEPRECATED_OBJC_IMPLEMENTATIONS = YES;
				CLANG_WARN_DIRECT_OBJC_ISA_USAGE = YES_ERROR;
				CLANG_WARN_DOCUMENTATION_COMMENTS = YES;
				CLANG_WARN_EMPTY_BODY = YES;
				CLANG_WARN_ENUM_CONVERSION = YES;
				CLANG_WARN_INFINITE_RECURSION = YES;
				CLANG_WARN_INT_CONVERSION = YES;
				CLANG_WARN_NON_LITERAL_NULL_CONVERSION = YES;
				CLANG_WARN_OBJC_IMPLICIT_RETAIN_SELF = YES;
				CLANG_WARN_OBJC_LITERAL_CONVERSION = YES;
				CLANG_WARN_OBJC_ROOT_CLASS = YES_ERROR;
				CLANG_WARN_RANGE_LOOP_ANALYSIS = YES;
				CLANG_WARN_STRICT_PROTOTYPES = YES;
				CLANG_WARN_SUSPICIOUS_MOVE = YES;
				CLANG_WARN_UNGUARDED_AVAILABILITY = YES_AGGRESSIVE;
				CLANG_WARN_UNREACHABLE_CODE = YES;
				CLANG_WARN__DUPLICATE_METHOD_MATCH = YES;
				COPY_PHASE_STRIP = NO;
				DEBUG_INFORMATION_FORMAT = "dwarf-with-dsym";
				ENABLE_NS_ASSERTIONS = NO;
				ENABLE_STRICT_OBJC_MSGSEND = YES;
				GCC_C_LANGUAGE_STANDARD = gnu11;
				GCC_NO_COMMON_BLOCKS = YES;
				GCC_WARN_64_TO_32_BIT_CONVERSION = YES;
				GCC_WARN_ABOUT_RETURN_TYPE = YES_ERROR;
				GCC_WARN_UNDECLARED_SELECTOR = YES;
				GCC_WARN_UNINITIALIZED_AUTOS = YES_AGGRESSIVE;
				GCC_WARN_UNUSED_FUNCTION = YES;
				GCC_WARN_UNUSED_VARIABLE = YES;
				IPHONEOS_DEPLOYMENT_TARGET = 13.2;
				MTL_ENABLE_DEBUG_INFO = NO;
				MTL_FAST_MATH = YES;
				SDKROOT = iphoneos;
				SWIFT_COMPILATION_MODE = wholemodule;
				SWIFT_OPTIMIZATION_LEVEL = "-O";
				VALIDATE_PRODUCT = YES;
			};
			name = Release;
		};
		B53340BC2386BDB5003CB922 /* Debug */ = {
			isa = XCBuildConfiguration;
			buildSettings = {
				ASSETCATALOG_COMPILER_APPICON_NAME = AppIcon;
				CODE_SIGN_STYLE = Automatic;
				INFOPLIST_FILE = school/Info.plist;
				LD_RUNPATH_SEARCH_PATHS = (
					"$(inherited)",
					"@executable_path/Frameworks",
				);
				PRODUCT_BUNDLE_IDENTIFIER = ru.handh.school.school;
				PRODUCT_NAME = "$(TARGET_NAME)";
				SWIFT_VERSION = 5.0;
				TARGETED_DEVICE_FAMILY = 1;
			};
			name = Debug;
		};
		B53340BD2386BDB5003CB922 /* Release */ = {
			isa = XCBuildConfiguration;
			buildSettings = {
				ASSETCATALOG_COMPILER_APPICON_NAME = AppIcon;
				CODE_SIGN_STYLE = Automatic;
				INFOPLIST_FILE = school/Info.plist;
				LD_RUNPATH_SEARCH_PATHS = (
					"$(inherited)",
					"@executable_path/Frameworks",
				);
				PRODUCT_BUNDLE_IDENTIFIER = ru.handh.school.school;
				PRODUCT_NAME = "$(TARGET_NAME)";
				SWIFT_VERSION = 5.0;
				TARGETED_DEVICE_FAMILY = 1;
			};
			name = Release;
		};
/* End XCBuildConfiguration section */

/* Begin XCConfigurationList section */
		B53340A22386BDB4003CB922 /* Build configuration list for PBXProject "school" */ = {
			isa = XCConfigurationList;
			buildConfigurations = (
				B53340B92386BDB5003CB922 /* Debug */,
				B53340BA2386BDB5003CB922 /* Release */,
			);
			defaultConfigurationIsVisible = 0;
			defaultConfigurationName = Release;
		};
		B53340BB2386BDB5003CB922 /* Build configuration list for PBXNativeTarget "school" */ = {
			isa = XCConfigurationList;
			buildConfigurations = (
				B53340BC2386BDB5003CB922 /* Debug */,
				B53340BD2386BDB5003CB922 /* Release */,
			);
			defaultConfigurationIsVisible = 0;
			defaultConfigurationName = Release;
		};
/* End XCConfigurationList section */
	};
	rootObject = B533409F2386BDB4003CB922 /* Project object */;
}
